<?xml version="1.0" encoding="UTF-8" standalone="yes" ?>
<CodeBlocks_project_file>
	<FileVersion major="1" minor="6" />
	<Project>
		<Option title="Asteroid" />
		<Option pch_mode="2" />
		<Option compiler="gcc" />
		<Build>
			<Target title="Debug">
				<Option output="bin/Debug/Snake" prefix_auto="1" extension_auto="1" />
				<Option object_output="obj/Debug/" />
				<Option type="1" />
				<Option compiler="gcc" />
				<Compiler>
					<Add option="-g" />
					<Add directory="../CSFML-2.5.1-windows-64-bit - Copie/include" />
				</Compiler>
				<Linker>
					<Add library="C:/Users/Flo/Desktop/Quête 2 SNAKE/CSFML-2.5.1-windows-64-bit - Copie/lib/gcc/libcsfml-audio.a" />
					<Add library="C:/Users/Flo/Desktop/Quête 2 SNAKE/CSFML-2.5.1-windows-64-bit - Copie/lib/gcc/libcsfml-graphics.a" />
					<Add library="C:/Users/Flo/Desktop/Quête 2 SNAKE/CSFML-2.5.1-windows-64-bit - Copie/lib/gcc/libcsfml-network.a" />
					<Add library="C:/Users/Flo/Desktop/Quête 2 SNAKE/CSFML-2.5.1-windows-64-bit - Copie/lib/gcc/libcsfml-system.a" />
					<Add library="C:/Users/Flo/Desktop/Quête 2 SNAKE/CSFML-2.5.1-windows-64-bit - Copie/lib/gcc/libcsfml-window.a" />
					<Add library="C:/Users/Flo/Desktop/Quête 2 SNAKE/CSFML-2.5.1-windows-32-bit/lib/gcc/libcsfml-audio.a" />
					<Add library="C:/Users/Flo/Desktop/Quête 2 SNAKE/CSFML-2.5.1-windows-32-bit/lib/gcc/libcsfml-graphics.a" />
					<Add library="C:/Users/Flo/Desktop/Quête 2 SNAKE/CSFML-2.5.1-windows-32-bit/lib/gcc/libcsfml-network.a" />
					<Add library="C:/Users/Flo/Desktop/Quête 2 SNAKE/CSFML-2.5.1-windows-32-bit/lib/gcc/libcsfml-system.a" />
					<Add library="C:/Users/Flo/Desktop/Quête 2 SNAKE/CSFML-2.5.1-windows-32-bit/lib/gcc/libcsfml-window.a" />
					<Add directory="../CSFML-2.5.1-windows-64-bit - Copie/lib" />
				</Linker>
			</Target>
			<Target title="Release">
				<Option output="bin/Release/Snake" prefix_auto="1" extension_auto="1" />
				<Option object_output="obj/Release/" />
				<Option type="1" />
				<Option compiler="gcc" />
				<Compiler>
					<Add option="-O2" />
				</Compiler>
				<Linker>
					<Add option="-s" />
					<Add library="C:/Users/Flo/Desktop/Quête 2 SNAKE/CSFML-2.5.1-windows-64-bit - Copie/lib/gcc/libcsfml-audio.a" />
					<Add library="C:/Users/Flo/Desktop/Quête 2 SNAKE/CSFML-2.5.1-windows-64-bit - Copie/lib/gcc/libcsfml-graphics.a" />
					<Add library="C:/Users/Flo/Desktop/Quête 2 SNAKE/CSFML-2.5.1-windows-64-bit - Copie/lib/gcc/libcsfml-network.a" />
					<Add library="C:/Users/Flo/Desktop/Quête 2 SNAKE/CSFML-2.5.1-windows-64-bit - Copie/lib/gcc/libcsfml-system.a" />
					<Add library="C:/Users/Flo/Desktop/Quête 2 SNAKE/CSFML-2.5.1-windows-64-bit - Copie/lib/gcc/libcsfml-window.a" />
					<Add library="C:/Users/Flo/Desktop/Quête 2 SNAKE/CSFML-2.5.1-windows-32-bit/lib/gcc/libcsfml-audio.a" />
					<Add library="C:/Users/Flo/Desktop/Quête 2 SNAKE/CSFML-2.5.1-windows-32-bit/lib/gcc/libcsfml-graphics.a" />
					<Add library="C:/Users/Flo/Desktop/Quête 2 SNAKE/CSFML-2.5.1-windows-32-bit/lib/gcc/libcsfml-network.a" />
					<Add library="C:/Users/Flo/Desktop/Quête 2 SNAKE/CSFML-2.5.1-windows-32-bit/lib/gcc/libcsfml-system.a" />
					<Add library="C:/Users/Flo/Desktop/Quête 2 SNAKE/CSFML-2.5.1-windows-32-bit/lib/gcc/libcsfml-window.a" />
				</Linker>
			</Target>
		</Build>
		<Compiler>
			<Add option="-Wall" />
		</Compiler>
		<Linker>
			<Add library="C:/Users/Flo/Desktop/Quête 2 SNAKE/CSFML-2.5.1-windows-64-bit - Copie/lib/gcc/libcsfml-audio.a" />
			<Add library="C:/Users/Flo/Desktop/Quête 2 SNAKE/CSFML-2.5.1-windows-64-bit - Copie/lib/gcc/libcsfml-graphics.a" />
			<Add library="C:/Users/Flo/Desktop/Quête 2 SNAKE/CSFML-2.5.1-windows-64-bit - Copie/lib/gcc/libcsfml-network.a" />
			<Add library="C:/Users/Flo/Desktop/Quête 2 SNAKE/CSFML-2.5.1-windows-64-bit - Copie/lib/gcc/libcsfml-system.a" />
			<Add library="C:/Users/Flo/Desktop/Quête 2 SNAKE/CSFML-2.5.1-windows-64-bit - Copie/lib/gcc/libcsfml-window.a" />
			<Add library="C:/Users/Flo/Desktop/Quête 2 SNAKE/CSFML-2.5.1-windows-32-bit/lib/gcc/libcsfml-audio.a" />
			<Add library="C:/Users/Flo/Desktop/Quête 2 SNAKE/CSFML-2.5.1-windows-32-bit/lib/gcc/libcsfml-graphics.a" />
			<Add library="C:/Users/Flo/Desktop/Quête 2 SNAKE/CSFML-2.5.1-windows-32-bit/lib/gcc/libcsfml-network.a" />
			<Add library="C:/Users/Flo/Desktop/Quête 2 SNAKE/CSFML-2.5.1-windows-32-bit/lib/gcc/libcsfml-system.a" />
			<Add library="C:/Users/Flo/Desktop/Quête 2 SNAKE/CSFML-2.5.1-windows-32-bit/lib/gcc/libcsfml-window.a" />
		</Linker>
		<Unit filename="Untitled1" />
		<Unit filename="main.c">
			<Option compilerVar="CC" />
		</Unit>
		<Extensions>
			<lib_finder disable_auto="1" />
		</Extensions>
	</Project>
</CodeBlocks_project_file>
